{
  "name": "token-sell",
  "lockfileVersion": 2,
  "requires": true,
  "packages": {
    "": {
      "dependencies": {
        "ether-converter": "^0.0.13"
      }
    },
    "node_modules/bignumber.js": {
      "version": "8.1.1",
      "resolved": "https://registry.npmjs.org/bignumber.js/-/bignumber.js-8.1.1.tgz",
      "integrity": "sha512-QD46ppGintwPGuL1KqmwhR0O+N2cZUg8JG/VzwI2e28sM9TqHjQB10lI4QAaMHVbLzwVLLAwEglpKPViWX+5NQ==",
      "engines": {
        "node": "*"
      }
    },
    "node_modules/ether-converter": {
      "version": "0.0.13",
      "resolved": "https://registry.npmjs.org/ether-converter/-/ether-converter-0.0.13.tgz",
      "integrity": "sha512-p+DMG+2HHyNXCPzSa6M6vuffegttsRcvWWLnsk2KtfrHlTG3ch3De3dfw1/dTXuMun4y68XtRu51yqvS+OVYdg==",
      "dependencies": {
        "bignumber.js": "^8.0.1"
      },
      "bin": {
        "ether_converter": "bin/ether_converter",
        "ether-converter": "bin/ether_converter"
      }
    }
  },
  "dependencies": {
    "bignumber.js": {
      "version": "8.1.1",
      "resolved": "https://registry.npmjs.org/bignumber.js/-/bignumber.js-8.1.1.tgz",
      "integrity": "sha512-QD46ppGintwPGuL1KqmwhR0O+N2cZUg8JG/VzwI2e28sM9TqHjQB10lI4QAaMHVbLzwVLLAwEglpKPViWX+5NQ=="
    },
    "ether-converter": {
      "version": "0.0.13",
      "resolved": "https://registry.npmjs.org/ether-converter/-/ether-converter-0.0.13.tgz",
      "integrity": "sha512-p+DMG+2HHyNXCPzSa6M6vuffegttsRcvWWLnsk2KtfrHlTG3ch3De3dfw1/dTXuMun4y68XtRu51yqvS+OVYdg==",
      "requires": {
        "bignumber.js": "^8.0.1"
      }
    }
  }
}
